// !$*UTF8*$!
{
	archiveVersion = 1;
	classes = {
	};
	objectVersion = 55;
	objects = {

/* Begin PBXBuildFile section */
		6312E6C627FC3F7900BCF03A /* MovieBoxAPI.framework in Frameworks */ = {isa = PBXBuildFile; fileRef = 6312E6BD27FC3F7900BCF03A /* MovieBoxAPI.framework */; };
		6312E6CB27FC3F7900BCF03A /* MovieBoxAPITests.swift in Sources */ = {isa = PBXBuildFile; fileRef = 6312E6CA27FC3F7900BCF03A /* MovieBoxAPITests.swift */; };
		6312E6CC27FC3F7900BCF03A /* MovieBoxAPI.h in Headers */ = {isa = PBXBuildFile; fileRef = 6312E6C027FC3F7900BCF03A /* MovieBoxAPI.h */; settings = {ATTRIBUTES = (Public, ); }; };
		6312E6DE27FC41A800BCF03A /* Service.swift in Sources */ = {isa = PBXBuildFile; fileRef = 6312E6DD27FC41A800BCF03A /* Service.swift */; };
		6312E6E027FC41B200BCF03A /* Model.swift in Sources */ = {isa = PBXBuildFile; fileRef = 6312E6DF27FC41B200BCF03A /* Model.swift */; };
		636F3BF927FEEDEC0034202F /* Alamofire in Frameworks */ = {isa = PBXBuildFile; productRef = 636F3BF827FEEDEC0034202F /* Alamofire */; };
/* End PBXBuildFile section */

/* Begin PBXContainerItemProxy section */
		6312E6C727FC3F7900BCF03A /* PBXContainerItemProxy */ = {
			isa = PBXContainerItemProxy;
			containerPortal = 6312E6B427FC3F7900BCF03A /* Project object */;
			proxyType = 1;
			remoteGlobalIDString = 6312E6BC27FC3F7900BCF03A;
			remoteInfo = MovieBoxAPI;
		};
/* End PBXContainerItemProxy section */

/* Begin PBXFileReference section */
		6312E6BD27FC3F7900BCF03A /* MovieBoxAPI.framework */ = {isa = PBXFileReference; explicitFileType = wrapper.framework; includeInIndex = 0; path = MovieBoxAPI.framework; sourceTree = BUILT_PRODUCTS_DIR; };
		6312E6C027FC3F7900BCF03A /* MovieBoxAPI.h */ = {isa = PBXFileReference; lastKnownFileType = sourcecode.c.h; path = MovieBoxAPI.h; sourceTree = "<group>"; };
		6312E6C527FC3F7900BCF03A /* MovieBoxAPITests.xctest */ = {isa = PBXFileReference; explicitFileType = wrapper.cfbundle; includeInIndex = 0; path = MovieBoxAPITests.xctest; sourceTree = BUILT_PRODUCTS_DIR; };
		6312E6CA27FC3F7900BCF03A /* MovieBoxAPITests.swift */ = {isa = PBXFileReference; lastKnownFileType = sourcecode.swift; path = MovieBoxAPITests.swift; sourceTree = "<group>"; };
		6312E6DD27FC41A800BCF03A /* Service.swift */ = {isa = PBXFileReference; lastKnownFileType = sourcecode.swift; path = Service.swift; sourceTree = "<group>"; };
		6312E6DF27FC41B200BCF03A /* Model.swift */ = {isa = PBXFileReference; lastKnownFileType = sourcecode.swift; path = Model.swift; sourceTree = "<group>"; };
/* End PBXFileReference section */

/* Begin PBXFrameworksBuildPhase section */
		6312E6BA27FC3F7900BCF03A /* Frameworks */ = {
			isa = PBXFrameworksBuildPhase;
			buildActionMask = 2147483647;
			files = (
				636F3BF927FEEDEC0034202F /* Alamofire in Frameworks */,
			);
			runOnlyForDeploymentPostprocessing = 0;
		};
		6312E6C227FC3F7900BCF03A /* Frameworks */ = {
			isa = PBXFrameworksBuildPhase;
			buildActionMask = 2147483647;
			files = (
				6312E6C627FC3F7900BCF03A /* MovieBoxAPI.framework in Frameworks */,
			);
			runOnlyForDeploymentPostprocessing = 0;
		};
/* End PBXFrameworksBuildPhase section */

/* Begin PBXGroup section */
		6312E6B327FC3F7900BCF03A = {
			isa = PBXGroup;
			children = (
				6312E6DC27FC419700BCF03A /* Network */,
				6312E6BF27FC3F7900BCF03A /* MovieBoxAPI */,
				6312E6C927FC3F7900BCF03A /* MovieBoxAPITests */,
				6312E6BE27FC3F7900BCF03A /* Products */,
			);
			sourceTree = "<group>";
		};
		6312E6BE27FC3F7900BCF03A /* Products */ = {
			isa = PBXGroup;
			children = (
				6312E6BD27FC3F7900BCF03A /* MovieBoxAPI.framework */,
				6312E6C527FC3F7900BCF03A /* MovieBoxAPITests.xctest */,
			);
			name = Products;
			sourceTree = "<group>";
		};
		6312E6BF27FC3F7900BCF03A /* MovieBoxAPI */ = {
			isa = PBXGroup;
			children = (
				6312E6C027FC3F7900BCF03A /* MovieBoxAPI.h */,
			);
			path = MovieBoxAPI;
			sourceTree = "<group>";
		};
		6312E6C927FC3F7900BCF03A /* MovieBoxAPITests */ = {
			isa = PBXGroup;
			children = (
				6312E6CA27FC3F7900BCF03A /* MovieBoxAPITests.swift */,
			);
			path = MovieBoxAPITests;
			sourceTree = "<group>";
		};
		6312E6DC27FC419700BCF03A /* Network */ = {
			isa = PBXGroup;
			children = (
				6312E6DD27FC41A800BCF03A /* Service.swift */,
				6312E6DF27FC41B200BCF03A /* Model.swift */,
			);
			path = Network;
			sourceTree = "<group>";
		};
/* End PBXGroup section */

/* Begin PBXHeadersBuildPhase section */
		6312E6B827FC3F7900BCF03A /* Headers */ = {
			isa = PBXHeadersBuildPhase;
			buildActionMask = 2147483647;
			files = (
				6312E6CC27FC3F7900BCF03A /* MovieBoxAPI.h in Headers */,
			);
			runOnlyForDeploymentPostprocessing = 0;
		};
/* End PBXHeadersBuildPhase section */

/* Begin PBXNativeTarget section */
		6312E6BC27FC3F7900BCF03A /* MovieBoxAPI */ = {
			isa = PBXNativeTarget;
			buildConfigurationList = 6312E6CF27FC3F7900BCF03A /* Build configuration list for PBXNativeTarget "MovieBoxAPI" */;
			buildPhases = (
				6312E6B827FC3F7900BCF03A /* Headers */,
				6312E6B927FC3F7900BCF03A /* Sources */,
				6312E6BA27FC3F7900BCF03A /* Frameworks */,
				6312E6BB27FC3F7900BCF03A /* Resources */,
			);
			buildRules = (
			);
			dependencies = (
			);
			name = MovieBoxAPI;
			packageProductDependencies = (
				636F3BF827FEEDEC0034202F /* Alamofire */,
			);
			productName = MovieBoxAPI;
			productReference = 6312E6BD27FC3F7900BCF03A /* MovieBoxAPI.framework */;
			productType = "com.apple.product-type.framework";
		};
		6312E6C427FC3F7900BCF03A /* MovieBoxAPITests */ = {
			isa = PBXNativeTarget;
			buildConfigurationList = 6312E6D227FC3F7900BCF03A /* Build configuration list for PBXNativeTarget "MovieBoxAPITests" */;
			buildPhases = (
				6312E6C127FC3F7900BCF03A /* Sources */,
				6312E6C227FC3F7900BCF03A /* Frameworks */,
				6312E6C327FC3F7900BCF03A /* Resources */,
			);
			buildRules = (
			);
			dependencies = (
				6312E6C827FC3F7900BCF03A /* PBXTargetDependency */,
			);
			name = MovieBoxAPITests;
			productName = MovieBoxAPITests;
			productReference = 6312E6C527FC3F7900BCF03A /* MovieBoxAPITests.xctest */;
			productType = "com.apple.product-type.bundle.unit-test";
		};
/* End PBXNativeTarget section */

/* Begin PBXProject section */
		6312E6B427FC3F7900BCF03A /* Project object */ = {
			isa = PBXProject;
			attributes = {
				BuildIndependentTargetsInParallel = 1;
				LastSwiftUpdateCheck = 1320;
				LastUpgradeCheck = 1320;
				TargetAttributes = {
					6312E6BC27FC3F7900BCF03A = {
						CreatedOnToolsVersion = 13.2.1;
						LastSwiftMigration = 1320;
					};
					6312E6C427FC3F7900BCF03A = {
						CreatedOnToolsVersion = 13.2.1;
					};
				};
			};
			buildConfigurationList = 6312E6B727FC3F7900BCF03A /* Build configuration list for PBXProject "MovieBoxAPI" */;
			compatibilityVersion = "Xcode 13.0";
			developmentRegion = en;
			hasScannedForEncodings = 0;
			knownRegions = (
				en,
				Base,
			);
			mainGroup = 6312E6B327FC3F7900BCF03A;
			packageReferences = (
				636F3BF727FEEDEC0034202F /* XCRemoteSwiftPackageReference "Alamofire" */,
			);
			productRefGroup = 6312E6BE27FC3F7900BCF03A /* Products */;
			projectDirPath = "";
			projectRoot = "";
			targets = (
				6312E6BC27FC3F7900BCF03A /* MovieBoxAPI */,
				6312E6C427FC3F7900BCF03A /* MovieBoxAPITests */,
			);
		};
/* End PBXProject section */

/* Begin PBXResourcesBuildPhase section */
		6312E6BB27FC3F7900BCF03A /* Resources */ = {
			isa = PBXResourcesBuildPhase;
			buildActionMask = 2147483647;
			files = (
			);
			runOnlyForDeploymentPostprocessing = 0;
		};
		6312E6C327FC3F7900BCF03A /* Resources */ = {
			isa = PBXResourcesBuildPhase;
			buildActionMask = 2147483647;
			files = (
			);
			runOnlyForDeploymentPostprocessing = 0;
		};
/* End PBXResourcesBuildPhase section */

/* Begin PBXSourcesBuildPhase section */
		6312E6B927FC3F7900BCF03A /* Sources */ = {
			isa = PBXSourcesBuildPhase;
			buildActionMask = 2147483647;
			files = (
				6312E6DE27FC41A800BCF03A /* Service.swift in Sources */,
				6312E6E027FC41B200BCF03A /* Model.swift in Sources */,
			);
			runOnlyForDeploymentPostprocessing = 0;
		};
		6312E6C127FC3F7900BCF03A /* Sources */ = {
			isa = PBXSourcesBuildPhase;
			buildActionMask = 2147483647;
			files = (
				6312E6CB27FC3F7900BCF03A /* MovieBoxAPITests.swift in Sources */,
			);
			runOnlyForDeploymentPostprocessing = 0;
		};
/* End PBXSourcesBuildPhase section */

/* Begin PBXTargetDependency section */
		6312E6C827FC3F7900BCF03A /* PBXTargetDependency */ = {
			isa = PBXTargetDependency;
			target = 6312E6BC27FC3F7900BCF03A /* MovieBoxAPI */;
			targetProxy = 6312E6C727FC3F7900BCF03A /* PBXContainerItemProxy */;
		};
/* End PBXTargetDependency section */

/* Begin XCBuildConfiguration section */
		6312E6CD27FC3F7900BCF03A /* Debug */ = {
			isa = XCBuildConfiguration;
			buildSettings = {
				ALWAYS_SEARCH_USER_PATHS = NO;
				CLANG_ANALYZER_NONNULL = YES;
				CLANG_ANALYZER_NUMBER_OBJECT_CONVERSION = YES_AGGRESSIVE;
				CLANG_CXX_LANGUAGE_STANDARD = "gnu++17";
				CLANG_CXX_LIBRARY = "libc++";
				CLANG_ENABLE_MODULES = YES;
				CLANG_ENABLE_OBJC_ARC = YES;
				CLANG_ENABLE_OBJC_WEAK = YES;
				CLANG_WARN_BLOCK_CAPTURE_AUTORELEASING = YES;
				CLANG_WARN_BOOL_CONVERSION = YES;
				CLANG_WARN_COMMA = YES;
				CLANG_WARN_CONSTANT_CONVERSION = YES;
				CLANG_WARN_DEPRECATED_OBJC_IMPLEMENTATIONS = YES;
				CLANG_WARN_DIRECT_OBJC_ISA_USAGE = YES_ERROR;
				CLANG_WARN_DOCUMENTATION_COMMENTS = YES;
				CLANG_WARN_EMPTY_BODY = YES;
				CLANG_WARN_ENUM_CONVERSION = YES;
				CLANG_WARN_INFINITE_RECURSION = YES;
				CLANG_WARN_INT_CONVERSION = YES;
				CLANG_WARN_NON_LITERAL_NULL_CONVERSION = YES;
				CLANG_WARN_OBJC_IMPLICIT_RETAIN_SELF = YES;
				CLANG_WARN_OBJC_LITERAL_CONVERSION = YES;
				CLANG_WARN_OBJC_ROOT_CLASS = YES_ERROR;
				CLANG_WARN_QUOTED_INCLUDE_IN_FRAMEWORK_HEADER = YES;
				CLANG_WARN_RANGE_LOOP_ANALYSIS = YES;
				CLANG_WARN_STRICT_PROTOTYPES = YES;
				CLANG_WARN_SUSPICIOUS_MOVE = YES;
				CLANG_WARN_UNGUARDED_AVAILABILITY = YES_AGGRESSIVE;
				CLANG_WARN_UNREACHABLE_CODE = YES;
				CLANG_WARN__DUPLICATE_METHOD_MATCH = YES;
				COPY_PHASE_STRIP = NO;
				CURRENT_PROJECT_VERSION = 1;
				DEBUG_INFORMATION_FORMAT = dwarf;
				ENABLE_STRICT_OBJC_MSGSEND = YES;
				ENABLE_TESTABILITY = YES;
				GCC_C_LANGUAGE_STANDARD = gnu11;
				GCC_DYNAMIC_NO_PIC = NO;
				GCC_NO_COMMON_BLOCKS = YES;
				GCC_OPTIMIZATION_LEVEL = 0;
				GCC_PREPROCESSOR_DEFINITIONS = (
					"DEBUG=1",
					"$(inherited)",
				);
				GCC_WARN_64_TO_32_BIT_CONVERSION = YES;
				GCC_WARN_ABOUT_RETURN_TYPE = YES_ERROR;
				GCC_WARN_UNDECLARED_SELECTOR = YES;
				GCC_WARN_UNINITIALIZED_AUTOS = YES_AGGRESSIVE;
				GCC_WARN_UNUSED_FUNCTION = YES;
				GCC_WARN_UNUSED_VARIABLE = YES;
				IPHONEOS_DEPLOYMENT_TARGET = 15.2;
				MTL_ENABLE_DEBUG_INFO = INCLUDE_SOURCE;
				MTL_FAST_MATH = YES;
				ONLY_ACTIVE_ARCH = YES;
				SDKROOT = iphoneos;
				SWIFT_ACTIVE_COMPILATION_CONDITIONS = DEBUG;
				SWIFT_OPTIMIZATION_LEVEL = "-Onone";
				VERSIONING_SYSTEM = "apple-generic";
				VERSION_INFO_PREFIX = "";
			};
			name = Debug;
		};
		6312E6CE27FC3F7900BCF03A /* Release */ = {
			isa = XCBuildConfiguration;
			buildSettings = {
				ALWAYS_SEARCH_USER_PATHS = NO;
				CLANG_ANALYZER_NONNULL = YES;
				CLANG_ANALYZER_NUMBER_OBJECT_CONVERSION = YES_AGGRESSIVE;
				CLANG_CXX_LANGUAGE_STANDARD = "gnu++17";
				CLANG_CXX_LIBRARY = "libc++";
				CLANG_ENABLE_MODULES = YES;
				CLANG_ENABLE_OBJC_ARC = YES;
				CLANG_ENABLE_OBJC_WEAK = YES;
				CLANG_WARN_BLOCK_CAPTURE_AUTORELEASING = YES;
				CLANG_WARN_BOOL_CONVERSION = YES;
				CLANG_WARN_COMMA = YES;
				CLANG_WARN_CONSTANT_CONVERSION = YES;
				CLANG_WARN_DEPRECATED_OBJC_IMPLEMENTATIONS = YES;
				CLANG_WARN_DIRECT_OBJC_ISA_USAGE = YES_ERROR;
				CLANG_WARN_DOCUMENTATION_COMMENTS = YES;
				CLANG_WARN_EMPTY_BODY = YES;
				CLANG_WARN_ENUM_CONVERSION = YES;
				CLANG_WARN_INFINITE_RECURSION = YES;
				CLANG_WARN_INT_CONVERSION = YES;
				CLANG_WARN_NON_LITERAL_NULL_CONVERSION = YES;
				CLANG_WARN_OBJC_IMPLICIT_RETAIN_SELF = YES;
				CLANG_WARN_OBJC_LITERAL_CONVERSION = YES;
				CLANG_WARN_OBJC_ROOT_CLASS = YES_ERROR;
				CLANG_WARN_QUOTED_INCLUDE_IN_FRAMEWORK_HEADER = YES;
				CLANG_WARN_RANGE_LOOP_ANALYSIS = YES;
				CLANG_WARN_STRICT_PROTOTYPES = YES;
				CLANG_WARN_SUSPICIOUS_MOVE = YES;
				CLANG_WARN_UNGUARDED_AVAILABILITY = YES_AGGRESSIVE;
				CLANG_WARN_UNREACHABLE_CODE = YES;
				CLANG_WARN__DUPLICATE_METHOD_MATCH = YES;
				COPY_PHASE_STRIP = NO;
				CURRENT_PROJECT_VERSION = 1;
				DEBUG_INFORMATION_FORMAT = "dwarf-with-dsym";
				ENABLE_NS_ASSERTIONS = NO;
				ENABLE_STRICT_OBJC_MSGSEND = YES;
				GCC_C_LANGUAGE_STANDARD = gnu11;
				GCC_NO_COMMON_BLOCKS = YES;
				GCC_WARN_64_TO_32_BIT_CONVERSION = YES;
				GCC_WARN_ABOUT_RETURN_TYPE = YES_ERROR;
				GCC_WARN_UNDECLARED_SELECTOR = YES;
				GCC_WARN_UNINITIALIZED_AUTOS = YES_AGGRESSIVE;
				GCC_WARN_UNUSED_FUNCTION = YES;
				GCC_WARN_UNUSED_VARIABLE = YES;
				IPHONEOS_DEPLOYMENT_TARGET = 15.2;
				MTL_ENABLE_DEBUG_INFO = NO;
				MTL_FAST_MATH = YES;
				SDKROOT = iphoneos;
				SWIFT_COMPILATION_MODE = wholemodule;
				SWIFT_OPTIMIZATION_LEVEL = "-O";
				VALIDATE_PRODUCT = YES;
				VERSIONING_SYSTEM = "apple-generic";
				VERSION_INFO_PREFIX = "";
			};
			name = Release;
		};
		6312E6D027FC3F7900BCF03A /* Debug */ = {
			isa = XCBuildConfiguration;
			buildSettings = {
				CLANG_ENABLE_MODULES = YES;
				CODE_SIGN_STYLE = Automatic;
				CURRENT_PROJECT_VERSION = 1;
				DEFINES_MODULE = YES;
				DYLIB_COMPATIBILITY_VERSION = 1;
				DYLIB_CURRENT_VERSION = 1;
				DYLIB_INSTALL_NAME_BASE = "@rpath";
				GENERATE_INFOPLIST_FILE = YES;
				INFOPLIST_KEY_NSHumanReadableCopyright = "";
				INSTALL_PATH = "$(LOCAL_LIBRARY_DIR)/Frameworks";
				LD_RUNPATH_SEARCH_PATHS = (
					"$(inherited)",
					"@executable_path/Frameworks",
					"@loader_path/Frameworks",
				);
				MARKETING_VERSION = 1.0;
				PRODUCT_BUNDLE_IDENTIFIER = info.MovieBoxAPI;
				PRODUCT_NAME = "$(TARGET_NAME:c99extidentifier)";
				SKIP_INSTALL = YES;
				SWIFT_EMIT_LOC_STRINGS = YES;
				SWIFT_OPTIMIZATION_LEVEL = "-Onone";
				SWIFT_VERSION = 5.0;
				TARGETED_DEVICE_FAMILY = "1,2";
			};
			name = Debug;
		};
		6312E6D127FC3F7900BCF03A /* Release */ = {
			isa = XCBuildConfiguration;
			buildSettings = {
				CLANG_ENABLE_MODULES = YES;
				CODE_SIGN_STYLE = Automatic;
				CURRENT_PROJECT_VERSION = 1;
				DEFINES_MODULE = YES;
				DYLIB_COMPATIBILITY_VERSION = 1;
				DYLIB_CURRENT_VERSION = 1;
				DYLIB_INSTALL_NAME_BASE = "@rpath";
				GENERATE_INFOPLIST_FILE = YES;
				INFOPLIST_KEY_NSHumanReadableCopyright = "";
				INSTALL_PATH = "$(LOCAL_LIBRARY_DIR)/Frameworks";
				LD_RUNPATH_SEARCH_PATHS = (
					"$(inherited)",
					"@executable_path/Frameworks",
					"@loader_path/Frameworks",
				);
				MARKETING_VERSION = 1.0;
				PRODUCT_BUNDLE_IDENTIFIER = info.MovieBoxAPI;
				PRODUCT_NAME = "$(TARGET_NAME:c99extidentifier)";
				SKIP_INSTALL = YES;
				SWIFT_EMIT_LOC_STRINGS = YES;
				SWIFT_VERSION = 5.0;
				TARGETED_DEVICE_FAMILY = "1,2";
			};
			name = Release;
		};
		6312E6D327FC3F7900BCF03A /* Debug */ = {
			isa = XCBuildConfiguration;
			buildSettings = {
				ALWAYS_EMBED_SWIFT_STANDARD_LIBRARIES = YES;
				CODE_SIGN_STYLE = Automatic;
				CURRENT_PROJECT_VERSION = 1;
				GENERATE_INFOPLIST_FILE = YES;
				MARKETING_VERSION = 1.0;
				PRODUCT_BUNDLE_IDENTIFIER = info.MovieBoxAPITests;
				PRODUCT_NAME = "$(TARGET_NAME)";
				SWIFT_EMIT_LOC_STRINGS = NO;
				SWIFT_VERSION = 5.0;
				TARGETED_DEVICE_FAMILY = "1,2";
			};
			name = Debug;
		};
		6312E6D427FC3F7900BCF03A /* Release */ = {
			isa = XCBuildConfiguration;
			buildSettings = {
				ALWAYS_EMBED_SWIFT_STANDARD_LIBRARIES = YES;
				CODE_SIGN_STYLE = Automatic;
				CURRENT_PROJECT_VERSION = 1;
				GENERATE_INFOPLIST_FILE = YES;
				MARKETING_VERSION = 1.0;
				PRODUCT_BUNDLE_IDENTIFIER = info.MovieBoxAPITests;
				PRODUCT_NAME = "$(TARGET_NAME)";
				SWIFT_EMIT_LOC_STRINGS = NO;
				SWIFT_VERSION = 5.0;
				TARGETED_DEVICE_FAMILY = "1,2";
			};
			name = Release;
		};
/* End XCBuildConfiguration section */

/* Begin XCConfigurationList section */
		6312E6B727FC3F7900BCF03A /* Build configuration list for PBXProject "MovieBoxAPI" */ = {
			isa = XCConfigurationList;
			buildConfigurations = (
				6312E6CD27FC3F7900BCF03A /* Debug */,
				6312E6CE27FC3F7900BCF03A /* Release */,
			);
			defaultConfigurationIsVisible = 0;
			defaultConfigurationName = Release;
		};
		6312E6CF27FC3F7900BCF03A /* Build configuration list for PBXNativeTarget "MovieBoxAPI" */ = {
			isa = XCConfigurationList;
			buildConfigurations = (
				6312E6D027FC3F7900BCF03A /* Debug */,
				6312E6D127FC3F7900BCF03A /* Release */,
			);
			defaultConfigurationIsVisible = 0;
			defaultConfigurationName = Release;
		};
		6312E6D227FC3F7900BCF03A /* Build configuration list for PBXNativeTarget "MovieBoxAPITests" */ = {
			isa = XCConfigurationList;
			buildConfigurations = (
				6312E6D327FC3F7900BCF03A /* Debug */,
				6312E6D427FC3F7900BCF03A /* Release */,
			);
			defaultConfigurationIsVisible = 0;
			defaultConfigurationName = Release;
		};
/* End XCConfigurationList section */

/* Begin XCRemoteSwiftPackageReference section */
		636F3BF727FEEDEC0034202F /* XCRemoteSwiftPackageReference "Alamofire" */ = {
			isa = XCRemoteSwiftPackageReference;
			repositoryURL = "https://github.com/Alamofire/Alamofire.git";
			requirement = {
				kind = upToNextMajorVersion;
				minimumVersion = 5.0.0;
			};
		};
/* End XCRemoteSwiftPackageReference section */

/* Begin XCSwiftPackageProductDependency section */
		636F3BF827FEEDEC0034202F /* Alamofire */ = {
			isa = XCSwiftPackageProductDependency;
			package = 636F3BF727FEEDEC0034202F /* XCRemoteSwiftPackageReference "Alamofire" */;
			productName = Alamofire;
		};
/* End XCSwiftPackageProductDependency section */
	};
	rootObject = 6312E6B427FC3F7900BCF03A /* Project object */;
}
